// !$*UTF8*$!
{
	archiveVersion = 1;
	classes = {
	};
	objectVersion = 51;
	objects = {

/* Begin PBXBuildFile section */
		580B6F70447BF33C4CF9C397 /* Pods_AdidasChallenge.framework in Frameworks */ = {isa = PBXBuildFile; fileRef = 94B659142D3E7B7E2BBB6143 /* Pods_AdidasChallenge.framework */; };
		8DCE906A6EF429F2DE88DB53 /* Pods_AdidasChallenge_AdidasChallengeUITests.framework in Frameworks */ = {isa = PBXBuildFile; fileRef = 774FF7D9B33055066F4033FD /* Pods_AdidasChallenge_AdidasChallengeUITests.framework */; };
		969196A12641C01500F19088 /* ApplicationDependencies.swift in Sources */ = {isa = PBXBuildFile; fileRef = 969196A02641C01500F19088 /* ApplicationDependencies.swift */; };
		969196A62641C05C00F19088 /* AppAssembly.swift in Sources */ = {isa = PBXBuildFile; fileRef = 969196A52641C05C00F19088 /* AppAssembly.swift */; };
		969196AD2641C0CC00F19088 /* AppCoordinator.swift in Sources */ = {isa = PBXBuildFile; fileRef = 969196AC2641C0CC00F19088 /* AppCoordinator.swift */; };
		969196B22641C0DF00F19088 /* AppCoordinatorFactory.swift in Sources */ = {isa = PBXBuildFile; fileRef = 969196B12641C0DF00F19088 /* AppCoordinatorFactory.swift */; };
		969196B82641C10B00F19088 /* Coordinator.swift in Sources */ = {isa = PBXBuildFile; fileRef = 969196B72641C10B00F19088 /* Coordinator.swift */; };
		969196C02641C13F00F19088 /* AppCoordinator+Dependencies.swift in Sources */ = {isa = PBXBuildFile; fileRef = 969196BF2641C13F00F19088 /* AppCoordinator+Dependencies.swift */; };
		969196C72641C21300F19088 /* NavigationController.swift in Sources */ = {isa = PBXBuildFile; fileRef = 969196C62641C21300F19088 /* NavigationController.swift */; };
		969196D12641C31C00F19088 /* HomeCoordinator.swift in Sources */ = {isa = PBXBuildFile; fileRef = 969196D02641C31C00F19088 /* HomeCoordinator.swift */; };
		969196D62641C59700F19088 /* HomeCoordinator+Dependencies.swift in Sources */ = {isa = PBXBuildFile; fileRef = 969196D52641C59700F19088 /* HomeCoordinator+Dependencies.swift */; };
		969196DB2641C5A200F19088 /* HomeCoordinatorFactory.swift in Sources */ = {isa = PBXBuildFile; fileRef = 969196DA2641C5A200F19088 /* HomeCoordinatorFactory.swift */; };
		969196FC2641C69000F19088 /* HomeInteractor.swift in Sources */ = {isa = PBXBuildFile; fileRef = 969196F22641C69000F19088 /* HomeInteractor.swift */; };
		969196FD2641C69000F19088 /* HomePresenter.swift in Sources */ = {isa = PBXBuildFile; fileRef = 969196F42641C69000F19088 /* HomePresenter.swift */; };
		969196FE2641C69000F19088 /* HomeAssembly.swift in Sources */ = {isa = PBXBuildFile; fileRef = 969196F62641C69000F19088 /* HomeAssembly.swift */; };
		969196FF2641C69000F19088 /* HomeRouter.swift in Sources */ = {isa = PBXBuildFile; fileRef = 969196F82641C69000F19088 /* HomeRouter.swift */; };
		969197002641C69000F19088 /* HomeViewController.swift in Sources */ = {isa = PBXBuildFile; fileRef = 969196FA2641C69000F19088 /* HomeViewController.swift */; };
		969197012641C69000F19088 /* HomeViewControllerFactory.swift in Sources */ = {isa = PBXBuildFile; fileRef = 969196FB2641C69000F19088 /* HomeViewControllerFactory.swift */; };
		969197072641D47B00F19088 /* LaunchViewController.swift in Sources */ = {isa = PBXBuildFile; fileRef = 969197062641D47B00F19088 /* LaunchViewController.swift */; };
		969197152641D8CA00F19088 /* LaunchRouter.swift in Sources */ = {isa = PBXBuildFile; fileRef = 969197142641D8CA00F19088 /* LaunchRouter.swift */; };
		9691971A2641D8DA00F19088 /* LaunchPresenter.swift in Sources */ = {isa = PBXBuildFile; fileRef = 969197192641D8DA00F19088 /* LaunchPresenter.swift */; };
		969197222641D8F500F19088 /* LaunchInteractor.swift in Sources */ = {isa = PBXBuildFile; fileRef = 969197212641D8F500F19088 /* LaunchInteractor.swift */; };
		969197272641D90000F19088 /* LaunchAssembly.swift in Sources */ = {isa = PBXBuildFile; fileRef = 969197262641D90000F19088 /* LaunchAssembly.swift */; };
		9691972C2641DB7400F19088 /* LaunchViewControllerFactory.swift in Sources */ = {isa = PBXBuildFile; fileRef = 9691972B2641DB7400F19088 /* LaunchViewControllerFactory.swift */; };
		969197312641DC6C00F19088 /* SceneAssembly.swift in Sources */ = {isa = PBXBuildFile; fileRef = 969197302641DC6C00F19088 /* SceneAssembly.swift */; };
		969197362641DD1600F19088 /* SingletonAssembly.swift in Sources */ = {isa = PBXBuildFile; fileRef = 969197352641DD1600F19088 /* SingletonAssembly.swift */; };
		9691973B2641DD4900F19088 /* CoordinatorAssembly.swift in Sources */ = {isa = PBXBuildFile; fileRef = 9691973A2641DD4900F19088 /* CoordinatorAssembly.swift */; };
		969197472641E9DC00F19088 /* HomeContentView.swift in Sources */ = {isa = PBXBuildFile; fileRef = 969197462641E9DC00F19088 /* HomeContentView.swift */; };
		9691976C2641F17C00F19088 /* NoSearchResultView.swift in Sources */ = {isa = PBXBuildFile; fileRef = 9691976B2641F17B00F19088 /* NoSearchResultView.swift */; };
		969197742641F18A00F19088 /* ErrorView.swift in Sources */ = {isa = PBXBuildFile; fileRef = 969197732641F18A00F19088 /* ErrorView.swift */; };
		9691977B2641F2BD00F19088 /* String+Extension.swift in Sources */ = {isa = PBXBuildFile; fileRef = 9691977A2641F2BD00F19088 /* String+Extension.swift */; };
		969197832641F2CB00F19088 /* UIView+Extension.swift in Sources */ = {isa = PBXBuildFile; fileRef = 969197822641F2CB00F19088 /* UIView+Extension.swift */; };
		969197972641F43600F19088 /* Localizable.strings in Resources */ = {isa = PBXBuildFile; fileRef = 969197922641F43600F19088 /* Localizable.strings */; };
		969197982641F43600F19088 /* Localizable.strings in Resources */ = {isa = PBXBuildFile; fileRef = 969197952641F43600F19088 /* Localizable.strings */; };
		9691979D2641F56800F19088 /* NoSearchResultView+ViewModel.swift in Sources */ = {isa = PBXBuildFile; fileRef = 9691979C2641F56800F19088 /* NoSearchResultView+ViewModel.swift */; };
		969197A32641F8AF00F19088 /* loading-spinner.json in Resources */ = {isa = PBXBuildFile; fileRef = 969197A22641F8AF00F19088 /* loading-spinner.json */; };
		969197A82641F92D00F19088 /* ProductCollectionViewCell.swift in Sources */ = {isa = PBXBuildFile; fileRef = 969197A72641F92D00F19088 /* ProductCollectionViewCell.swift */; };
		969197AD2641F96900F19088 /* ProductTile.swift in Sources */ = {isa = PBXBuildFile; fileRef = 969197AC2641F96900F19088 /* ProductTile.swift */; };
		969197B32641F9EB00F19088 /* Cells+Generic.swift in Sources */ = {isa = PBXBuildFile; fileRef = 969197B22641F9EB00F19088 /* Cells+Generic.swift */; };
		969197C12641FAD600F19088 /* ProductTile+ViewModel.swift in Sources */ = {isa = PBXBuildFile; fileRef = 969197C02641FAD600F19088 /* ProductTile+ViewModel.swift */; };
		969197C62641FDD600F19088 /* UIStackView+Extension.swift in Sources */ = {isa = PBXBuildFile; fileRef = 969197C52641FDD600F19088 /* UIStackView+Extension.swift */; };
		969197CB2641FFFE00F19088 /* Array+Extension.swift in Sources */ = {isa = PBXBuildFile; fileRef = 969197CA2641FFFE00F19088 /* Array+Extension.swift */; };
		969197D0264200B400F19088 /* UICollectionView+Extension.swift in Sources */ = {isa = PBXBuildFile; fileRef = 969197CF264200B400F19088 /* UICollectionView+Extension.swift */; };
		969198032642883500F19088 /* UIEdgeInsets+Extension.swift in Sources */ = {isa = PBXBuildFile; fileRef = 969198022642883500F19088 /* UIEdgeInsets+Extension.swift */; };
		9691981E2642900300F19088 /* UIImageView+Extension.swift in Sources */ = {isa = PBXBuildFile; fileRef = 9691981D2642900300F19088 /* UIImageView+Extension.swift */; };
		969198242642936300F19088 /* SearchBarView.swift in Sources */ = {isa = PBXBuildFile; fileRef = 969198232642936300F19088 /* SearchBarView.swift */; };
		9691982C2642939400F19088 /* SearchTextField.swift in Sources */ = {isa = PBXBuildFile; fileRef = 9691982B2642939400F19088 /* SearchTextField.swift */; };
		96919834264293B900F19088 /* SearchBarViewDelegate.swift in Sources */ = {isa = PBXBuildFile; fileRef = 96919833264293B900F19088 /* SearchBarViewDelegate.swift */; };
		9691983C2642962600F19088 /* UIButton+Extension.swift in Sources */ = {isa = PBXBuildFile; fileRef = 9691983B2642962600F19088 /* UIButton+Extension.swift */; };
		969198412642A48400F19088 /* UIColor+Helper.swift in Sources */ = {isa = PBXBuildFile; fileRef = 969198402642A48400F19088 /* UIColor+Helper.swift */; };
		969198482642A8DE00F19088 /* ProductWorker.swift in Sources */ = {isa = PBXBuildFile; fileRef = 969198472642A8DE00F19088 /* ProductWorker.swift */; };
		969198502642A8E900F19088 /* ProductService.swift in Sources */ = {isa = PBXBuildFile; fileRef = 9691984F2642A8E900F19088 /* ProductService.swift */; };
		969198582642B24900F19088 /* Product.swift in Sources */ = {isa = PBXBuildFile; fileRef = 969198572642B24900F19088 /* Product.swift */; };
		9691985E2642B2CA00F19088 /* ProductEntity.swift in Sources */ = {isa = PBXBuildFile; fileRef = 9691985D2642B2CA00F19088 /* ProductEntity.swift */; };
		969198672642B33D00F19088 /* ProductMapper.swift in Sources */ = {isa = PBXBuildFile; fileRef = 969198662642B33D00F19088 /* ProductMapper.swift */; };
		96CE6AC32641A25800E73788 /* AppDelegate.swift in Sources */ = {isa = PBXBuildFile; fileRef = 96CE6AC22641A25800E73788 /* AppDelegate.swift */; };
		96CE6ACC2641A25A00E73788 /* Assets.xcassets in Resources */ = {isa = PBXBuildFile; fileRef = 96CE6ACB2641A25A00E73788 /* Assets.xcassets */; };
		96CE6ACF2641A25A00E73788 /* LaunchScreen.storyboard in Resources */ = {isa = PBXBuildFile; fileRef = 96CE6ACD2641A25A00E73788 /* LaunchScreen.storyboard */; };
		96CE6ADA2641A25A00E73788 /* AdidasChallengeTests.swift in Sources */ = {isa = PBXBuildFile; fileRef = 96CE6AD92641A25A00E73788 /* AdidasChallengeTests.swift */; };
		96CE6AE52641A25A00E73788 /* AdidasChallengeUITests.swift in Sources */ = {isa = PBXBuildFile; fileRef = 96CE6AE42641A25A00E73788 /* AdidasChallengeUITests.swift */; };
		B17AAFC9F5A86E97A20F061F /* Pods_AdidasChallengeTests.framework in Frameworks */ = {isa = PBXBuildFile; fileRef = 5EB819DABD0C46706D4C9F88 /* Pods_AdidasChallengeTests.framework */; };
/* End PBXBuildFile section */

/* Begin PBXContainerItemProxy section */
		96CE6AD62641A25A00E73788 /* PBXContainerItemProxy */ = {
			isa = PBXContainerItemProxy;
			containerPortal = 96CE6AB72641A25800E73788 /* Project object */;
			proxyType = 1;
			remoteGlobalIDString = 96CE6ABE2641A25800E73788;
			remoteInfo = AdidasChallenge;
		};
		96CE6AE12641A25A00E73788 /* PBXContainerItemProxy */ = {
			isa = PBXContainerItemProxy;
			containerPortal = 96CE6AB72641A25800E73788 /* Project object */;
			proxyType = 1;
			remoteGlobalIDString = 96CE6ABE2641A25800E73788;
			remoteInfo = AdidasChallenge;
		};
/* End PBXContainerItemProxy section */

/* Begin PBXFileReference section */
		06BBEDE701E825A8A0BB31C2 /* Pods-AdidasChallenge-AdidasChallengeUITests.debug.xcconfig */ = {isa = PBXFileReference; includeInIndex = 1; lastKnownFileType = text.xcconfig; name = "Pods-AdidasChallenge-AdidasChallengeUITests.debug.xcconfig"; path = "Target Support Files/Pods-AdidasChallenge-AdidasChallengeUITests/Pods-AdidasChallenge-AdidasChallengeUITests.debug.xcconfig"; sourceTree = "<group>"; };
		49A3AE0BB581AD77E5144383 /* Pods-AdidasChallengeTests.debug.xcconfig */ = {isa = PBXFileReference; includeInIndex = 1; lastKnownFileType = text.xcconfig; name = "Pods-AdidasChallengeTests.debug.xcconfig"; path = "Target Support Files/Pods-AdidasChallengeTests/Pods-AdidasChallengeTests.debug.xcconfig"; sourceTree = "<group>"; };
		5A623A45B562B248306FC533 /* Pods-AdidasChallenge.release.xcconfig */ = {isa = PBXFileReference; includeInIndex = 1; lastKnownFileType = text.xcconfig; name = "Pods-AdidasChallenge.release.xcconfig"; path = "Target Support Files/Pods-AdidasChallenge/Pods-AdidasChallenge.release.xcconfig"; sourceTree = "<group>"; };
		5EB819DABD0C46706D4C9F88 /* Pods_AdidasChallengeTests.framework */ = {isa = PBXFileReference; explicitFileType = wrapper.framework; includeInIndex = 0; path = Pods_AdidasChallengeTests.framework; sourceTree = BUILT_PRODUCTS_DIR; };
		774FF7D9B33055066F4033FD /* Pods_AdidasChallenge_AdidasChallengeUITests.framework */ = {isa = PBXFileReference; explicitFileType = wrapper.framework; includeInIndex = 0; path = Pods_AdidasChallenge_AdidasChallengeUITests.framework; sourceTree = BUILT_PRODUCTS_DIR; };
		94B659142D3E7B7E2BBB6143 /* Pods_AdidasChallenge.framework */ = {isa = PBXFileReference; explicitFileType = wrapper.framework; includeInIndex = 0; path = Pods_AdidasChallenge.framework; sourceTree = BUILT_PRODUCTS_DIR; };
		969196A02641C01500F19088 /* ApplicationDependencies.swift */ = {isa = PBXFileReference; lastKnownFileType = sourcecode.swift; path = ApplicationDependencies.swift; sourceTree = "<group>"; };
		969196A52641C05C00F19088 /* AppAssembly.swift */ = {isa = PBXFileReference; lastKnownFileType = sourcecode.swift; path = AppAssembly.swift; sourceTree = "<group>"; };
		969196AC2641C0CC00F19088 /* AppCoordinator.swift */ = {isa = PBXFileReference; lastKnownFileType = sourcecode.swift; path = AppCoordinator.swift; sourceTree = "<group>"; };
		969196B12641C0DF00F19088 /* AppCoordinatorFactory.swift */ = {isa = PBXFileReference; lastKnownFileType = sourcecode.swift; path = AppCoordinatorFactory.swift; sourceTree = "<group>"; };
		969196B72641C10B00F19088 /* Coordinator.swift */ = {isa = PBXFileReference; lastKnownFileType = sourcecode.swift; path = Coordinator.swift; sourceTree = "<group>"; };
		969196BF2641C13F00F19088 /* AppCoordinator+Dependencies.swift */ = {isa = PBXFileReference; lastKnownFileType = sourcecode.swift; path = "AppCoordinator+Dependencies.swift"; sourceTree = "<group>"; };
		969196C62641C21300F19088 /* NavigationController.swift */ = {isa = PBXFileReference; lastKnownFileType = sourcecode.swift; path = NavigationController.swift; sourceTree = "<group>"; };
		969196D02641C31C00F19088 /* HomeCoordinator.swift */ = {isa = PBXFileReference; lastKnownFileType = sourcecode.swift; path = HomeCoordinator.swift; sourceTree = "<group>"; };
		969196D52641C59700F19088 /* HomeCoordinator+Dependencies.swift */ = {isa = PBXFileReference; lastKnownFileType = sourcecode.swift; path = "HomeCoordinator+Dependencies.swift"; sourceTree = "<group>"; };
		969196DA2641C5A200F19088 /* HomeCoordinatorFactory.swift */ = {isa = PBXFileReference; lastKnownFileType = sourcecode.swift; path = HomeCoordinatorFactory.swift; sourceTree = "<group>"; };
		969196F22641C69000F19088 /* HomeInteractor.swift */ = {isa = PBXFileReference; fileEncoding = 4; lastKnownFileType = sourcecode.swift; path = HomeInteractor.swift; sourceTree = "<group>"; };
		969196F42641C69000F19088 /* HomePresenter.swift */ = {isa = PBXFileReference; fileEncoding = 4; lastKnownFileType = sourcecode.swift; path = HomePresenter.swift; sourceTree = "<group>"; };
		969196F62641C69000F19088 /* HomeAssembly.swift */ = {isa = PBXFileReference; fileEncoding = 4; lastKnownFileType = sourcecode.swift; path = HomeAssembly.swift; sourceTree = "<group>"; };
		969196F82641C69000F19088 /* HomeRouter.swift */ = {isa = PBXFileReference; fileEncoding = 4; lastKnownFileType = sourcecode.swift; path = HomeRouter.swift; sourceTree = "<group>"; };
		969196FA2641C69000F19088 /* HomeViewController.swift */ = {isa = PBXFileReference; fileEncoding = 4; lastKnownFileType = sourcecode.swift; path = HomeViewController.swift; sourceTree = "<group>"; };
		969196FB2641C69000F19088 /* HomeViewControllerFactory.swift */ = {isa = PBXFileReference; fileEncoding = 4; lastKnownFileType = sourcecode.swift; path = HomeViewControllerFactory.swift; sourceTree = "<group>"; };
		969197062641D47B00F19088 /* LaunchViewController.swift */ = {isa = PBXFileReference; lastKnownFileType = sourcecode.swift; path = LaunchViewController.swift; sourceTree = "<group>"; };
		969197142641D8CA00F19088 /* LaunchRouter.swift */ = {isa = PBXFileReference; lastKnownFileType = sourcecode.swift; path = LaunchRouter.swift; sourceTree = "<group>"; };
		969197192641D8DA00F19088 /* LaunchPresenter.swift */ = {isa = PBXFileReference; lastKnownFileType = sourcecode.swift; path = LaunchPresenter.swift; sourceTree = "<group>"; };
		969197212641D8F500F19088 /* LaunchInteractor.swift */ = {isa = PBXFileReference; lastKnownFileType = sourcecode.swift; path = LaunchInteractor.swift; sourceTree = "<group>"; };
		969197262641D90000F19088 /* LaunchAssembly.swift */ = {isa = PBXFileReference; lastKnownFileType = sourcecode.swift; path = LaunchAssembly.swift; sourceTree = "<group>"; };
		9691972B2641DB7400F19088 /* LaunchViewControllerFactory.swift */ = {isa = PBXFileReference; lastKnownFileType = sourcecode.swift; path = LaunchViewControllerFactory.swift; sourceTree = "<group>"; };
		969197302641DC6C00F19088 /* SceneAssembly.swift */ = {isa = PBXFileReference; lastKnownFileType = sourcecode.swift; path = SceneAssembly.swift; sourceTree = "<group>"; };
		969197352641DD1600F19088 /* SingletonAssembly.swift */ = {isa = PBXFileReference; lastKnownFileType = sourcecode.swift; path = SingletonAssembly.swift; sourceTree = "<group>"; };
		9691973A2641DD4900F19088 /* CoordinatorAssembly.swift */ = {isa = PBXFileReference; lastKnownFileType = sourcecode.swift; path = CoordinatorAssembly.swift; sourceTree = "<group>"; };
		969197462641E9DC00F19088 /* HomeContentView.swift */ = {isa = PBXFileReference; lastKnownFileType = sourcecode.swift; path = HomeContentView.swift; sourceTree = "<group>"; };
		9691976B2641F17B00F19088 /* NoSearchResultView.swift */ = {isa = PBXFileReference; lastKnownFileType = sourcecode.swift; path = NoSearchResultView.swift; sourceTree = "<group>"; };
		969197732641F18A00F19088 /* ErrorView.swift */ = {isa = PBXFileReference; lastKnownFileType = sourcecode.swift; path = ErrorView.swift; sourceTree = "<group>"; };
		9691977A2641F2BD00F19088 /* String+Extension.swift */ = {isa = PBXFileReference; lastKnownFileType = sourcecode.swift; path = "String+Extension.swift"; sourceTree = "<group>"; };
		969197822641F2CB00F19088 /* UIView+Extension.swift */ = {isa = PBXFileReference; lastKnownFileType = sourcecode.swift; path = "UIView+Extension.swift"; sourceTree = "<group>"; };
		969197932641F43600F19088 /* en */ = {isa = PBXFileReference; lastKnownFileType = text.plist.strings; name = en; path = Localizable.strings; sourceTree = "<group>"; };
		969197962641F43600F19088 /* nl */ = {isa = PBXFileReference; lastKnownFileType = text.plist.strings; name = nl; path = Localizable.strings; sourceTree = "<group>"; };
		9691979C2641F56800F19088 /* NoSearchResultView+ViewModel.swift */ = {isa = PBXFileReference; lastKnownFileType = sourcecode.swift; path = "NoSearchResultView+ViewModel.swift"; sourceTree = "<group>"; };
		969197A22641F8AF00F19088 /* loading-spinner.json */ = {isa = PBXFileReference; fileEncoding = 4; lastKnownFileType = text.json; name = "loading-spinner.json"; path = "AdidasChallenge/Resources/loading-spinner.json"; sourceTree = SOURCE_ROOT; };
		969197A72641F92D00F19088 /* ProductCollectionViewCell.swift */ = {isa = PBXFileReference; lastKnownFileType = sourcecode.swift; path = ProductCollectionViewCell.swift; sourceTree = "<group>"; };
		969197AC2641F96900F19088 /* ProductTile.swift */ = {isa = PBXFileReference; lastKnownFileType = sourcecode.swift; path = ProductTile.swift; sourceTree = "<group>"; };
		969197B22641F9EB00F19088 /* Cells+Generic.swift */ = {isa = PBXFileReference; lastKnownFileType = sourcecode.swift; path = "Cells+Generic.swift"; sourceTree = "<group>"; };
		969197C02641FAD600F19088 /* ProductTile+ViewModel.swift */ = {isa = PBXFileReference; lastKnownFileType = sourcecode.swift; path = "ProductTile+ViewModel.swift"; sourceTree = "<group>"; };
		969197C52641FDD600F19088 /* UIStackView+Extension.swift */ = {isa = PBXFileReference; lastKnownFileType = sourcecode.swift; path = "UIStackView+Extension.swift"; sourceTree = "<group>"; };
		969197CA2641FFFE00F19088 /* Array+Extension.swift */ = {isa = PBXFileReference; lastKnownFileType = sourcecode.swift; path = "Array+Extension.swift"; sourceTree = "<group>"; };
		969197CF264200B400F19088 /* UICollectionView+Extension.swift */ = {isa = PBXFileReference; lastKnownFileType = sourcecode.swift; path = "UICollectionView+Extension.swift"; sourceTree = "<group>"; };
		969198022642883500F19088 /* UIEdgeInsets+Extension.swift */ = {isa = PBXFileReference; lastKnownFileType = sourcecode.swift; path = "UIEdgeInsets+Extension.swift"; sourceTree = "<group>"; };
		9691981D2642900300F19088 /* UIImageView+Extension.swift */ = {isa = PBXFileReference; lastKnownFileType = sourcecode.swift; path = "UIImageView+Extension.swift"; sourceTree = "<group>"; };
		969198232642936300F19088 /* SearchBarView.swift */ = {isa = PBXFileReference; lastKnownFileType = sourcecode.swift; path = SearchBarView.swift; sourceTree = "<group>"; };
		9691982B2642939400F19088 /* SearchTextField.swift */ = {isa = PBXFileReference; lastKnownFileType = sourcecode.swift; path = SearchTextField.swift; sourceTree = "<group>"; };
		96919833264293B900F19088 /* SearchBarViewDelegate.swift */ = {isa = PBXFileReference; lastKnownFileType = sourcecode.swift; path = SearchBarViewDelegate.swift; sourceTree = "<group>"; };
		9691983B2642962600F19088 /* UIButton+Extension.swift */ = {isa = PBXFileReference; lastKnownFileType = sourcecode.swift; path = "UIButton+Extension.swift"; sourceTree = "<group>"; };
		969198402642A48400F19088 /* UIColor+Helper.swift */ = {isa = PBXFileReference; lastKnownFileType = sourcecode.swift; path = "UIColor+Helper.swift"; sourceTree = "<group>"; };
		969198472642A8DE00F19088 /* ProductWorker.swift */ = {isa = PBXFileReference; lastKnownFileType = sourcecode.swift; path = ProductWorker.swift; sourceTree = "<group>"; };
		9691984F2642A8E900F19088 /* ProductService.swift */ = {isa = PBXFileReference; lastKnownFileType = sourcecode.swift; path = ProductService.swift; sourceTree = "<group>"; };
		969198572642B24900F19088 /* Product.swift */ = {isa = PBXFileReference; lastKnownFileType = sourcecode.swift; path = Product.swift; sourceTree = "<group>"; };
		9691985D2642B2CA00F19088 /* ProductEntity.swift */ = {isa = PBXFileReference; lastKnownFileType = sourcecode.swift; path = ProductEntity.swift; sourceTree = "<group>"; };
		969198662642B33D00F19088 /* ProductMapper.swift */ = {isa = PBXFileReference; lastKnownFileType = sourcecode.swift; path = ProductMapper.swift; sourceTree = "<group>"; };
		96CE6ABF2641A25800E73788 /* AdidasChallenge.app */ = {isa = PBXFileReference; explicitFileType = wrapper.application; includeInIndex = 0; path = AdidasChallenge.app; sourceTree = BUILT_PRODUCTS_DIR; };
		96CE6AC22641A25800E73788 /* AppDelegate.swift */ = {isa = PBXFileReference; lastKnownFileType = sourcecode.swift; path = AppDelegate.swift; sourceTree = "<group>"; };
		96CE6ACB2641A25A00E73788 /* Assets.xcassets */ = {isa = PBXFileReference; lastKnownFileType = folder.assetcatalog; path = Assets.xcassets; sourceTree = "<group>"; };
		96CE6ACE2641A25A00E73788 /* Base */ = {isa = PBXFileReference; lastKnownFileType = file.storyboard; name = Base; path = Base.lproj/LaunchScreen.storyboard; sourceTree = "<group>"; };
		96CE6AD02641A25A00E73788 /* Info.plist */ = {isa = PBXFileReference; lastKnownFileType = text.plist.xml; path = Info.plist; sourceTree = "<group>"; };
		96CE6AD52641A25A00E73788 /* AdidasChallengeTests.xctest */ = {isa = PBXFileReference; explicitFileType = wrapper.cfbundle; includeInIndex = 0; path = AdidasChallengeTests.xctest; sourceTree = BUILT_PRODUCTS_DIR; };
		96CE6AD92641A25A00E73788 /* AdidasChallengeTests.swift */ = {isa = PBXFileReference; lastKnownFileType = sourcecode.swift; path = AdidasChallengeTests.swift; sourceTree = "<group>"; };
		96CE6ADB2641A25A00E73788 /* Info.plist */ = {isa = PBXFileReference; lastKnownFileType = text.plist.xml; path = Info.plist; sourceTree = "<group>"; };
		96CE6AE02641A25A00E73788 /* AdidasChallengeUITests.xctest */ = {isa = PBXFileReference; explicitFileType = wrapper.cfbundle; includeInIndex = 0; path = AdidasChallengeUITests.xctest; sourceTree = BUILT_PRODUCTS_DIR; };
		96CE6AE42641A25A00E73788 /* AdidasChallengeUITests.swift */ = {isa = PBXFileReference; lastKnownFileType = sourcecode.swift; path = AdidasChallengeUITests.swift; sourceTree = "<group>"; };
		96CE6AE62641A25A00E73788 /* Info.plist */ = {isa = PBXFileReference; lastKnownFileType = text.plist.xml; path = Info.plist; sourceTree = "<group>"; };
		C2588D8CAC8CB73BDB052D63 /* Pods-AdidasChallenge-AdidasChallengeUITests.release.xcconfig */ = {isa = PBXFileReference; includeInIndex = 1; lastKnownFileType = text.xcconfig; name = "Pods-AdidasChallenge-AdidasChallengeUITests.release.xcconfig"; path = "Target Support Files/Pods-AdidasChallenge-AdidasChallengeUITests/Pods-AdidasChallenge-AdidasChallengeUITests.release.xcconfig"; sourceTree = "<group>"; };
		C3F685D19A2DA4E063451AC5 /* Pods-AdidasChallenge.debug.xcconfig */ = {isa = PBXFileReference; includeInIndex = 1; lastKnownFileType = text.xcconfig; name = "Pods-AdidasChallenge.debug.xcconfig"; path = "Target Support Files/Pods-AdidasChallenge/Pods-AdidasChallenge.debug.xcconfig"; sourceTree = "<group>"; };
		F844635469E6DD890E192CE6 /* Pods-AdidasChallengeTests.release.xcconfig */ = {isa = PBXFileReference; includeInIndex = 1; lastKnownFileType = text.xcconfig; name = "Pods-AdidasChallengeTests.release.xcconfig"; path = "Target Support Files/Pods-AdidasChallengeTests/Pods-AdidasChallengeTests.release.xcconfig"; sourceTree = "<group>"; };
/* End PBXFileReference section */

/* Begin PBXFrameworksBuildPhase section */
		96CE6ABC2641A25800E73788 /* Frameworks */ = {
			isa = PBXFrameworksBuildPhase;
			buildActionMask = 2147483647;
			files = (
				580B6F70447BF33C4CF9C397 /* Pods_AdidasChallenge.framework in Frameworks */,
			);
			runOnlyForDeploymentPostprocessing = 0;
		};
		96CE6AD22641A25A00E73788 /* Frameworks */ = {
			isa = PBXFrameworksBuildPhase;
			buildActionMask = 2147483647;
			files = (
				B17AAFC9F5A86E97A20F061F /* Pods_AdidasChallengeTests.framework in Frameworks */,
			);
			runOnlyForDeploymentPostprocessing = 0;
		};
		96CE6ADD2641A25A00E73788 /* Frameworks */ = {
			isa = PBXFrameworksBuildPhase;
			buildActionMask = 2147483647;
			files = (
				8DCE906A6EF429F2DE88DB53 /* Pods_AdidasChallenge_AdidasChallengeUITests.framework in Frameworks */,
			);
			runOnlyForDeploymentPostprocessing = 0;
		};
/* End PBXFrameworksBuildPhase section */

/* Begin PBXGroup section */
		33A34A86BD837214E0345EF4 /* Pods */ = {
			isa = PBXGroup;
			children = (
				C3F685D19A2DA4E063451AC5 /* Pods-AdidasChallenge.debug.xcconfig */,
				5A623A45B562B248306FC533 /* Pods-AdidasChallenge.release.xcconfig */,
				06BBEDE701E825A8A0BB31C2 /* Pods-AdidasChallenge-AdidasChallengeUITests.debug.xcconfig */,
				C2588D8CAC8CB73BDB052D63 /* Pods-AdidasChallenge-AdidasChallengeUITests.release.xcconfig */,
				49A3AE0BB581AD77E5144383 /* Pods-AdidasChallengeTests.debug.xcconfig */,
				F844635469E6DD890E192CE6 /* Pods-AdidasChallengeTests.release.xcconfig */,
			);
			path = Pods;
			sourceTree = "<group>";
		};
		9691969D2641BFF300F19088 /* App */ = {
			isa = PBXGroup;
			children = (
				9691978F2641F39D00F19088 /* Launch */,
				9691969E2641C00100F19088 /* Classes */,
			);
			path = App;
			sourceTree = "<group>";
		};
		9691969E2641C00100F19088 /* Classes */ = {
			isa = PBXGroup;
			children = (
				969198552642B21F00F19088 /* Data */,
				969198542642B1FE00F19088 /* Domain */,
				969197B12641F9D300F19088 /* Helpers */,
				969197782641F2A700F19088 /* Extensions */,
				969196C52641C1BF00F19088 /* Base */,
				9691969F2641C00700F19088 /* Assembly */,
				969196AA2641C0A500F19088 /* Coordinators */,
				969196AB2641C0AC00F19088 /* Scenes */,
			);
			path = Classes;
			sourceTree = "<group>";
		};
		9691969F2641C00700F19088 /* Assembly */ = {
			isa = PBXGroup;
			children = (
				969196A02641C01500F19088 /* ApplicationDependencies.swift */,
				969196A52641C05C00F19088 /* AppAssembly.swift */,
				969197302641DC6C00F19088 /* SceneAssembly.swift */,
				969197352641DD1600F19088 /* SingletonAssembly.swift */,
				9691973A2641DD4900F19088 /* CoordinatorAssembly.swift */,
			);
			path = Assembly;
			sourceTree = "<group>";
		};
		969196AA2641C0A500F19088 /* Coordinators */ = {
			isa = PBXGroup;
			children = (
				969196CF2641C30900F19088 /* Home */,
				969196CE2641C30000F19088 /* App */,
			);
			path = Coordinators;
			sourceTree = "<group>";
		};
		969196AB2641C0AC00F19088 /* Scenes */ = {
			isa = PBXGroup;
			children = (
				969197052641D46C00F19088 /* Launch */,
				969196DF2641C5C700F19088 /* Home */,
			);
			path = Scenes;
			sourceTree = "<group>";
		};
		969196B62641C0FB00F19088 /* Coordinator */ = {
			isa = PBXGroup;
			children = (
				969196B72641C10B00F19088 /* Coordinator.swift */,
			);
			path = Coordinator;
			sourceTree = "<group>";
		};
		969196C42641C1B700F19088 /* NavigationController */ = {
			isa = PBXGroup;
			children = (
				969196C62641C21300F19088 /* NavigationController.swift */,
			);
			path = NavigationController;
			sourceTree = "<group>";
		};
		969196C52641C1BF00F19088 /* Base */ = {
			isa = PBXGroup;
			children = (
				969197672641F13800F19088 /* ErrorView */,
				969196B62641C0FB00F19088 /* Coordinator */,
				969196C42641C1B700F19088 /* NavigationController */,
			);
			path = Base;
			sourceTree = "<group>";
		};
		969196CE2641C30000F19088 /* App */ = {
			isa = PBXGroup;
			children = (
				969196AC2641C0CC00F19088 /* AppCoordinator.swift */,
				969196B12641C0DF00F19088 /* AppCoordinatorFactory.swift */,
				969196BF2641C13F00F19088 /* AppCoordinator+Dependencies.swift */,
			);
			path = App;
			sourceTree = "<group>";
		};
		969196CF2641C30900F19088 /* Home */ = {
			isa = PBXGroup;
			children = (
				969196D02641C31C00F19088 /* HomeCoordinator.swift */,
				969196D52641C59700F19088 /* HomeCoordinator+Dependencies.swift */,
				969196DA2641C5A200F19088 /* HomeCoordinatorFactory.swift */,
			);
			path = Home;
			sourceTree = "<group>";
		};
		969196DF2641C5C700F19088 /* Home */ = {
			isa = PBXGroup;
			children = (
				969196F52641C69000F19088 /* Assembly */,
				969196F12641C69000F19088 /* Interactor */,
				969196F32641C69000F19088 /* Presenter */,
				969196F72641C69000F19088 /* Router */,
				969196F92641C69000F19088 /* View */,
			);
			path = Home;
			sourceTree = "<group>";
		};
		969196F12641C69000F19088 /* Interactor */ = {
			isa = PBXGroup;
			children = (
				969196F22641C69000F19088 /* HomeInteractor.swift */,
			);
			path = Interactor;
			sourceTree = "<group>";
		};
		969196F32641C69000F19088 /* Presenter */ = {
			isa = PBXGroup;
			children = (
				969196F42641C69000F19088 /* HomePresenter.swift */,
			);
			path = Presenter;
			sourceTree = "<group>";
		};
		969196F52641C69000F19088 /* Assembly */ = {
			isa = PBXGroup;
			children = (
				969196F62641C69000F19088 /* HomeAssembly.swift */,
			);
			path = Assembly;
			sourceTree = "<group>";
		};
		969196F72641C69000F19088 /* Router */ = {
			isa = PBXGroup;
			children = (
				969196F82641C69000F19088 /* HomeRouter.swift */,
			);
			path = Router;
			sourceTree = "<group>";
		};
		969196F92641C69000F19088 /* View */ = {
			isa = PBXGroup;
			children = (
				969197452641E9CF00F19088 /* Content */,
				969196FA2641C69000F19088 /* HomeViewController.swift */,
				969196FB2641C69000F19088 /* HomeViewControllerFactory.swift */,
			);
			path = View;
			sourceTree = "<group>";
		};
		969197052641D46C00F19088 /* Launch */ = {
			isa = PBXGroup;
			children = (
				969197102641D4C100F19088 /* Assembly */,
				9691970F2641D4BB00F19088 /* Interactor */,
				969197122641D8B000F19088 /* Presenter */,
				969197112641D4C600F19088 /* Router */,
				969197132641D8B500F19088 /* View */,
			);
			path = Launch;
			sourceTree = "<group>";
		};
		9691970F2641D4BB00F19088 /* Interactor */ = {
			isa = PBXGroup;
			children = (
				969197212641D8F500F19088 /* LaunchInteractor.swift */,
			);
			path = Interactor;
			sourceTree = "<group>";
		};
		969197102641D4C100F19088 /* Assembly */ = {
			isa = PBXGroup;
			children = (
				969197262641D90000F19088 /* LaunchAssembly.swift */,
			);
			path = Assembly;
			sourceTree = "<group>";
		};
		969197112641D4C600F19088 /* Router */ = {
			isa = PBXGroup;
			children = (
				969197142641D8CA00F19088 /* LaunchRouter.swift */,
			);
			path = Router;
			sourceTree = "<group>";
		};
		969197122641D8B000F19088 /* Presenter */ = {
			isa = PBXGroup;
			children = (
				969197192641D8DA00F19088 /* LaunchPresenter.swift */,
			);
			path = Presenter;
			sourceTree = "<group>";
		};
		969197132641D8B500F19088 /* View */ = {
			isa = PBXGroup;
			children = (
				969197062641D47B00F19088 /* LaunchViewController.swift */,
				9691972B2641DB7400F19088 /* LaunchViewControllerFactory.swift */,
			);
			path = View;
			sourceTree = "<group>";
		};
		969197452641E9CF00F19088 /* Content */ = {
			isa = PBXGroup;
			children = (
				969198222642935800F19088 /* Search */,
				9691976A2641F15D00F19088 /* NoSearchResult */,
				969197692641F15200F19088 /* Cells */,
				969197462641E9DC00F19088 /* HomeContentView.swift */,
			);
			path = Content;
			sourceTree = "<group>";
		};
		969197672641F13800F19088 /* ErrorView */ = {
			isa = PBXGroup;
			children = (
				969197732641F18A00F19088 /* ErrorView.swift */,
			);
			path = ErrorView;
			sourceTree = "<group>";
		};
		969197692641F15200F19088 /* Cells */ = {
			isa = PBXGroup;
			children = (
				969197A72641F92D00F19088 /* ProductCollectionViewCell.swift */,
				969197AC2641F96900F19088 /* ProductTile.swift */,
				969197C02641FAD600F19088 /* ProductTile+ViewModel.swift */,
			);
			path = Cells;
			sourceTree = "<group>";
		};
		9691976A2641F15D00F19088 /* NoSearchResult */ = {
			isa = PBXGroup;
			children = (
				9691976B2641F17B00F19088 /* NoSearchResultView.swift */,
				9691979C2641F56800F19088 /* NoSearchResultView+ViewModel.swift */,
			);
			path = NoSearchResult;
			sourceTree = "<group>";
		};
		969197782641F2A700F19088 /* Extensions */ = {
			isa = PBXGroup;
			children = (
				9691977A2641F2BD00F19088 /* String+Extension.swift */,
				969197822641F2CB00F19088 /* UIView+Extension.swift */,
				969197C52641FDD600F19088 /* UIStackView+Extension.swift */,
				969197CA2641FFFE00F19088 /* Array+Extension.swift */,
				969198022642883500F19088 /* UIEdgeInsets+Extension.swift */,
				9691981D2642900300F19088 /* UIImageView+Extension.swift */,
				9691983B2642962600F19088 /* UIButton+Extension.swift */,
			);
			path = Extensions;
			sourceTree = "<group>";
		};
		969197872641F35C00F19088 /* Resources */ = {
			isa = PBXGroup;
			children = (
				969197A12641F8A100F19088 /* Animations */,
				969197902641F3C500F19088 /* Localization */,
				96CE6ACB2641A25A00E73788 /* Assets.xcassets */,
			);
			path = Resources;
			sourceTree = "<group>";
		};
		969197882641F36700F19088 /* Supporting Files */ = {
			isa = PBXGroup;
			children = (
				96CE6AD02641A25A00E73788 /* Info.plist */,
			);
			path = "Supporting Files";
			sourceTree = "<group>";
		};
		9691978F2641F39D00F19088 /* Launch */ = {
			isa = PBXGroup;
			children = (
				96CE6ACD2641A25A00E73788 /* LaunchScreen.storyboard */,
				96CE6AC22641A25800E73788 /* AppDelegate.swift */,
			);
			path = Launch;
			sourceTree = "<group>";
		};
		969197902641F3C500F19088 /* Localization */ = {
			isa = PBXGroup;
			children = (
				969197912641F43600F19088 /* en.lproj */,
				969197942641F43600F19088 /* nl.lproj */,
			);
			path = Localization;
			sourceTree = "<group>";
		};
		969197912641F43600F19088 /* en.lproj */ = {
			isa = PBXGroup;
			children = (
				969197922641F43600F19088 /* Localizable.strings */,
			);
			path = en.lproj;
			sourceTree = "<group>";
		};
		969197942641F43600F19088 /* nl.lproj */ = {
			isa = PBXGroup;
			children = (
				969197952641F43600F19088 /* Localizable.strings */,
			);
			path = nl.lproj;
			sourceTree = "<group>";
		};
		969197A12641F8A100F19088 /* Animations */ = {
			isa = PBXGroup;
			children = (
				969197A22641F8AF00F19088 /* loading-spinner.json */,
			);
			path = Animations;
			sourceTree = "<group>";
		};
		969197B12641F9D300F19088 /* Helpers */ = {
			isa = PBXGroup;
			children = (
				969197B22641F9EB00F19088 /* Cells+Generic.swift */,
				969197CF264200B400F19088 /* UICollectionView+Extension.swift */,
				969198402642A48400F19088 /* UIColor+Helper.swift */,
			);
			path = Helpers;
			sourceTree = "<group>";
		};
		969198222642935800F19088 /* Search */ = {
			isa = PBXGroup;
			children = (
				969198232642936300F19088 /* SearchBarView.swift */,
				9691982B2642939400F19088 /* SearchTextField.swift */,
				96919833264293B900F19088 /* SearchBarViewDelegate.swift */,
			);
			path = Search;
			sourceTree = "<group>";
		};
		969198452642A8CA00F19088 /* Workers */ = {
			isa = PBXGroup;
			children = (
				969198472642A8DE00F19088 /* ProductWorker.swift */,
			);
			path = Workers;
			sourceTree = "<group>";
		};
		969198462642A8D000F19088 /* Services */ = {
			isa = PBXGroup;
			children = (
				9691984F2642A8E900F19088 /* ProductService.swift */,
			);
			path = Services;
			sourceTree = "<group>";
		};
		969198542642B1FE00F19088 /* Domain */ = {
			isa = PBXGroup;
			children = (
				969198562642B23000F19088 /* Models */,
				969198452642A8CA00F19088 /* Workers */,
			);
			path = Domain;
			sourceTree = "<group>";
		};
		969198552642B21F00F19088 /* Data */ = {
			isa = PBXGroup;
			children = (
				969198652642B32E00F19088 /* Mapper */,
				9691985C2642B2BB00F19088 /* Models */,
				969198462642A8D000F19088 /* Services */,
			);
			path = Data;
			sourceTree = "<group>";
		};
		969198562642B23000F19088 /* Models */ = {
			isa = PBXGroup;
			children = (
				969198572642B24900F19088 /* Product.swift */,
			);
			path = Models;
			sourceTree = "<group>";
		};
		9691985C2642B2BB00F19088 /* Models */ = {
			isa = PBXGroup;
			children = (
				9691985D2642B2CA00F19088 /* ProductEntity.swift */,
			);
			path = Models;
			sourceTree = "<group>";
		};
		969198652642B32E00F19088 /* Mapper */ = {
			isa = PBXGroup;
			children = (
				969198662642B33D00F19088 /* ProductMapper.swift */,
			);
			path = Mapper;
			sourceTree = "<group>";
		};
		96CE6AB62641A25800E73788 = {
			isa = PBXGroup;
			children = (
				96CE6AC12641A25800E73788 /* AdidasChallenge */,
				96CE6AD82641A25A00E73788 /* AdidasChallengeTests */,
				96CE6AE32641A25A00E73788 /* AdidasChallengeUITests */,
				96CE6AC02641A25800E73788 /* Products */,
				33A34A86BD837214E0345EF4 /* Pods */,
				A9388F1EAA2552471A65BD22 /* Frameworks */,
			);
			sourceTree = "<group>";
		};
		96CE6AC02641A25800E73788 /* Products */ = {
			isa = PBXGroup;
			children = (
				96CE6ABF2641A25800E73788 /* AdidasChallenge.app */,
				96CE6AD52641A25A00E73788 /* AdidasChallengeTests.xctest */,
				96CE6AE02641A25A00E73788 /* AdidasChallengeUITests.xctest */,
			);
			name = Products;
			sourceTree = "<group>";
		};
		96CE6AC12641A25800E73788 /* AdidasChallenge */ = {
			isa = PBXGroup;
			children = (
				969197882641F36700F19088 /* Supporting Files */,
				969197872641F35C00F19088 /* Resources */,
				9691969D2641BFF300F19088 /* App */,
			);
			path = AdidasChallenge;
			sourceTree = "<group>";
		};
		96CE6AD82641A25A00E73788 /* AdidasChallengeTests */ = {
			isa = PBXGroup;
			children = (
				96CE6AD92641A25A00E73788 /* AdidasChallengeTests.swift */,
				96CE6ADB2641A25A00E73788 /* Info.plist */,
			);
			path = AdidasChallengeTests;
			sourceTree = "<group>";
		};
		96CE6AE32641A25A00E73788 /* AdidasChallengeUITests */ = {
			isa = PBXGroup;
			children = (
				96CE6AE42641A25A00E73788 /* AdidasChallengeUITests.swift */,
				96CE6AE62641A25A00E73788 /* Info.plist */,
			);
			path = AdidasChallengeUITests;
			sourceTree = "<group>";
		};
		A9388F1EAA2552471A65BD22 /* Frameworks */ = {
			isa = PBXGroup;
			children = (
				94B659142D3E7B7E2BBB6143 /* Pods_AdidasChallenge.framework */,
				774FF7D9B33055066F4033FD /* Pods_AdidasChallenge_AdidasChallengeUITests.framework */,
				5EB819DABD0C46706D4C9F88 /* Pods_AdidasChallengeTests.framework */,
			);
			name = Frameworks;
			sourceTree = "<group>";
		};
/* End PBXGroup section */

/* Begin PBXNativeTarget section */
		96CE6ABE2641A25800E73788 /* AdidasChallenge */ = {
			isa = PBXNativeTarget;
			buildConfigurationList = 96CE6AE92641A25A00E73788 /* Build configuration list for PBXNativeTarget "AdidasChallenge" */;
			buildPhases = (
				C457F61C2C0C6D42258AF2DC /* [CP] Check Pods Manifest.lock */,
				96CE6ABB2641A25800E73788 /* Sources */,
				96CE6ABC2641A25800E73788 /* Frameworks */,
				96CE6ABD2641A25800E73788 /* Resources */,
				1B02B7E6A7F04395DAC706BB /* [CP] Embed Pods Frameworks */,
			);
			buildRules = (
			);
			dependencies = (
			);
			name = AdidasChallenge;
			productName = AdidasChallenge;
			productReference = 96CE6ABF2641A25800E73788 /* AdidasChallenge.app */;
			productType = "com.apple.product-type.application";
		};
		96CE6AD42641A25A00E73788 /* AdidasChallengeTests */ = {
			isa = PBXNativeTarget;
			buildConfigurationList = 96CE6AEC2641A25A00E73788 /* Build configuration list for PBXNativeTarget "AdidasChallengeTests" */;
			buildPhases = (
				41B41D33CB479296B7491317 /* [CP] Check Pods Manifest.lock */,
				96CE6AD12641A25A00E73788 /* Sources */,
				96CE6AD22641A25A00E73788 /* Frameworks */,
				96CE6AD32641A25A00E73788 /* Resources */,
			);
			buildRules = (
			);
			dependencies = (
				96CE6AD72641A25A00E73788 /* PBXTargetDependency */,
			);
			name = AdidasChallengeTests;
			productName = AdidasChallengeTests;
			productReference = 96CE6AD52641A25A00E73788 /* AdidasChallengeTests.xctest */;
			productType = "com.apple.product-type.bundle.unit-test";
		};
		96CE6ADF2641A25A00E73788 /* AdidasChallengeUITests */ = {
			isa = PBXNativeTarget;
			buildConfigurationList = 96CE6AEF2641A25A00E73788 /* Build configuration list for PBXNativeTarget "AdidasChallengeUITests" */;
			buildPhases = (
				84F97110441275D360F3AE4B /* [CP] Check Pods Manifest.lock */,
				96CE6ADC2641A25A00E73788 /* Sources */,
				96CE6ADD2641A25A00E73788 /* Frameworks */,
				96CE6ADE2641A25A00E73788 /* Resources */,
				F277FB8C1AE7D4AD294E5B7A /* [CP] Embed Pods Frameworks */,
			);
			buildRules = (
			);
			dependencies = (
				96CE6AE22641A25A00E73788 /* PBXTargetDependency */,
			);
			name = AdidasChallengeUITests;
			productName = AdidasChallengeUITests;
			productReference = 96CE6AE02641A25A00E73788 /* AdidasChallengeUITests.xctest */;
			productType = "com.apple.product-type.bundle.ui-testing";
		};
/* End PBXNativeTarget section */

/* Begin PBXProject section */
		96CE6AB72641A25800E73788 /* Project object */ = {
			isa = PBXProject;
			attributes = {
				LastSwiftUpdateCheck = 1240;
				LastUpgradeCheck = 1240;
				TargetAttributes = {
					96CE6ABE2641A25800E73788 = {
						CreatedOnToolsVersion = 12.4;
					};
					96CE6AD42641A25A00E73788 = {
						CreatedOnToolsVersion = 12.4;
						TestTargetID = 96CE6ABE2641A25800E73788;
					};
					96CE6ADF2641A25A00E73788 = {
						CreatedOnToolsVersion = 12.4;
						TestTargetID = 96CE6ABE2641A25800E73788;
					};
				};
			};
			buildConfigurationList = 96CE6ABA2641A25800E73788 /* Build configuration list for PBXProject "AdidasChallenge" */;
			compatibilityVersion = "Xcode 9.3";
			developmentRegion = en;
			hasScannedForEncodings = 0;
			knownRegions = (
				en,
				Base,
				nl,
			);
			mainGroup = 96CE6AB62641A25800E73788;
			productRefGroup = 96CE6AC02641A25800E73788 /* Products */;
			projectDirPath = "";
			projectRoot = "";
			targets = (
				96CE6ABE2641A25800E73788 /* AdidasChallenge */,
				96CE6AD42641A25A00E73788 /* AdidasChallengeTests */,
				96CE6ADF2641A25A00E73788 /* AdidasChallengeUITests */,
			);
		};
/* End PBXProject section */

/* Begin PBXResourcesBuildPhase section */
		96CE6ABD2641A25800E73788 /* Resources */ = {
			isa = PBXResourcesBuildPhase;
			buildActionMask = 2147483647;
			files = (
				969197A32641F8AF00F19088 /* loading-spinner.json in Resources */,
				96CE6ACF2641A25A00E73788 /* LaunchScreen.storyboard in Resources */,
				969197982641F43600F19088 /* Localizable.strings in Resources */,
				969197972641F43600F19088 /* Localizable.strings in Resources */,
				96CE6ACC2641A25A00E73788 /* Assets.xcassets in Resources */,
			);
			runOnlyForDeploymentPostprocessing = 0;
		};
		96CE6AD32641A25A00E73788 /* Resources */ = {
			isa = PBXResourcesBuildPhase;
			buildActionMask = 2147483647;
			files = (
			);
			runOnlyForDeploymentPostprocessing = 0;
		};
		96CE6ADE2641A25A00E73788 /* Resources */ = {
			isa = PBXResourcesBuildPhase;
			buildActionMask = 2147483647;
			files = (
			);
			runOnlyForDeploymentPostprocessing = 0;
		};
/* End PBXResourcesBuildPhase section */

/* Begin PBXShellScriptBuildPhase section */
		1B02B7E6A7F04395DAC706BB /* [CP] Embed Pods Frameworks */ = {
			isa = PBXShellScriptBuildPhase;
			buildActionMask = 2147483647;
			files = (
			);
			inputFileListPaths = (
				"${PODS_ROOT}/Target Support Files/Pods-AdidasChallenge/Pods-AdidasChallenge-frameworks-${CONFIGURATION}-input-files.xcfilelist",
			);
			name = "[CP] Embed Pods Frameworks";
			outputFileListPaths = (
				"${PODS_ROOT}/Target Support Files/Pods-AdidasChallenge/Pods-AdidasChallenge-frameworks-${CONFIGURATION}-output-files.xcfilelist",
			);
			runOnlyForDeploymentPostprocessing = 0;
			shellPath = /bin/sh;
			shellScript = "\"${PODS_ROOT}/Target Support Files/Pods-AdidasChallenge/Pods-AdidasChallenge-frameworks.sh\"\n";
			showEnvVarsInLog = 0;
		};
		41B41D33CB479296B7491317 /* [CP] Check Pods Manifest.lock */ = {
			isa = PBXShellScriptBuildPhase;
			buildActionMask = 2147483647;
			files = (
			);
			inputFileListPaths = (
			);
			inputPaths = (
				"${PODS_PODFILE_DIR_PATH}/Podfile.lock",
				"${PODS_ROOT}/Manifest.lock",
			);
			name = "[CP] Check Pods Manifest.lock";
			outputFileListPaths = (
			);
			outputPaths = (
				"$(DERIVED_FILE_DIR)/Pods-AdidasChallengeTests-checkManifestLockResult.txt",
			);
			runOnlyForDeploymentPostprocessing = 0;
			shellPath = /bin/sh;
			shellScript = "diff \"${PODS_PODFILE_DIR_PATH}/Podfile.lock\" \"${PODS_ROOT}/Manifest.lock\" > /dev/null\nif [ $? != 0 ] ; then\n    # print error to STDERR\n    echo \"error: The sandbox is not in sync with the Podfile.lock. Run 'pod install' or update your CocoaPods installation.\" >&2\n    exit 1\nfi\n# This output is used by Xcode 'outputs' to avoid re-running this script phase.\necho \"SUCCESS\" > \"${SCRIPT_OUTPUT_FILE_0}\"\n";
			showEnvVarsInLog = 0;
		};
		84F97110441275D360F3AE4B /* [CP] Check Pods Manifest.lock */ = {
			isa = PBXShellScriptBuildPhase;
			buildActionMask = 2147483647;
			files = (
			);
			inputFileListPaths = (
			);
			inputPaths = (
				"${PODS_PODFILE_DIR_PATH}/Podfile.lock",
				"${PODS_ROOT}/Manifest.lock",
			);
			name = "[CP] Check Pods Manifest.lock";
			outputFileListPaths = (
			);
			outputPaths = (
				"$(DERIVED_FILE_DIR)/Pods-AdidasChallenge-AdidasChallengeUITests-checkManifestLockResult.txt",
			);
			runOnlyForDeploymentPostprocessing = 0;
			shellPath = /bin/sh;
			shellScript = "diff \"${PODS_PODFILE_DIR_PATH}/Podfile.lock\" \"${PODS_ROOT}/Manifest.lock\" > /dev/null\nif [ $? != 0 ] ; then\n    # print error to STDERR\n    echo \"error: The sandbox is not in sync with the Podfile.lock. Run 'pod install' or update your CocoaPods installation.\" >&2\n    exit 1\nfi\n# This output is used by Xcode 'outputs' to avoid re-running this script phase.\necho \"SUCCESS\" > \"${SCRIPT_OUTPUT_FILE_0}\"\n";
			showEnvVarsInLog = 0;
		};
		C457F61C2C0C6D42258AF2DC /* [CP] Check Pods Manifest.lock */ = {
			isa = PBXShellScriptBuildPhase;
			buildActionMask = 2147483647;
			files = (
			);
			inputFileListPaths = (
			);
			inputPaths = (
				"${PODS_PODFILE_DIR_PATH}/Podfile.lock",
				"${PODS_ROOT}/Manifest.lock",
			);
			name = "[CP] Check Pods Manifest.lock";
			outputFileListPaths = (
			);
			outputPaths = (
				"$(DERIVED_FILE_DIR)/Pods-AdidasChallenge-checkManifestLockResult.txt",
			);
			runOnlyForDeploymentPostprocessing = 0;
			shellPath = /bin/sh;
			shellScript = "diff \"${PODS_PODFILE_DIR_PATH}/Podfile.lock\" \"${PODS_ROOT}/Manifest.lock\" > /dev/null\nif [ $? != 0 ] ; then\n    # print error to STDERR\n    echo \"error: The sandbox is not in sync with the Podfile.lock. Run 'pod install' or update your CocoaPods installation.\" >&2\n    exit 1\nfi\n# This output is used by Xcode 'outputs' to avoid re-running this script phase.\necho \"SUCCESS\" > \"${SCRIPT_OUTPUT_FILE_0}\"\n";
			showEnvVarsInLog = 0;
		};
		F277FB8C1AE7D4AD294E5B7A /* [CP] Embed Pods Frameworks */ = {
			isa = PBXShellScriptBuildPhase;
			buildActionMask = 2147483647;
			files = (
			);
			inputFileListPaths = (
				"${PODS_ROOT}/Target Support Files/Pods-AdidasChallenge-AdidasChallengeUITests/Pods-AdidasChallenge-AdidasChallengeUITests-frameworks-${CONFIGURATION}-input-files.xcfilelist",
			);
			name = "[CP] Embed Pods Frameworks";
			outputFileListPaths = (
				"${PODS_ROOT}/Target Support Files/Pods-AdidasChallenge-AdidasChallengeUITests/Pods-AdidasChallenge-AdidasChallengeUITests-frameworks-${CONFIGURATION}-output-files.xcfilelist",
			);
			runOnlyForDeploymentPostprocessing = 0;
			shellPath = /bin/sh;
			shellScript = "\"${PODS_ROOT}/Target Support Files/Pods-AdidasChallenge-AdidasChallengeUITests/Pods-AdidasChallenge-AdidasChallengeUITests-frameworks.sh\"\n";
			showEnvVarsInLog = 0;
		};
/* End PBXShellScriptBuildPhase section */

/* Begin PBXSourcesBuildPhase section */
		96CE6ABB2641A25800E73788 /* Sources */ = {
			isa = PBXSourcesBuildPhase;
			buildActionMask = 2147483647;
			files = (
				969196D62641C59700F19088 /* HomeCoordinator+Dependencies.swift in Sources */,
				9691977B2641F2BD00F19088 /* String+Extension.swift in Sources */,
				969198032642883500F19088 /* UIEdgeInsets+Extension.swift in Sources */,
				9691972C2641DB7400F19088 /* LaunchViewControllerFactory.swift in Sources */,
				969197152641D8CA00F19088 /* LaunchRouter.swift in Sources */,
				969197362641DD1600F19088 /* SingletonAssembly.swift in Sources */,
				969196C02641C13F00F19088 /* AppCoordinator+Dependencies.swift in Sources */,
				969198582642B24900F19088 /* Product.swift in Sources */,
				969198242642936300F19088 /* SearchBarView.swift in Sources */,
				969198412642A48400F19088 /* UIColor+Helper.swift in Sources */,
				969196B82641C10B00F19088 /* Coordinator.swift in Sources */,
				969196FD2641C69000F19088 /* HomePresenter.swift in Sources */,
				969196DB2641C5A200F19088 /* HomeCoordinatorFactory.swift in Sources */,
				969197AD2641F96900F19088 /* ProductTile.swift in Sources */,
				969197C12641FAD600F19088 /* ProductTile+ViewModel.swift in Sources */,
				969197002641C69000F19088 /* HomeViewController.swift in Sources */,
				969196AD2641C0CC00F19088 /* AppCoordinator.swift in Sources */,
				969196FE2641C69000F19088 /* HomeAssembly.swift in Sources */,
				9691976C2641F17C00F19088 /* NoSearchResultView.swift in Sources */,
				969197272641D90000F19088 /* LaunchAssembly.swift in Sources */,
				969198502642A8E900F19088 /* ProductService.swift in Sources */,
				969197D0264200B400F19088 /* UICollectionView+Extension.swift in Sources */,
				9691979D2641F56800F19088 /* NoSearchResultView+ViewModel.swift in Sources */,
				969197312641DC6C00F19088 /* SceneAssembly.swift in Sources */,
				9691983C2642962600F19088 /* UIButton+Extension.swift in Sources */,
				96919834264293B900F19088 /* SearchBarViewDelegate.swift in Sources */,
				969197742641F18A00F19088 /* ErrorView.swift in Sources */,
				969198482642A8DE00F19088 /* ProductWorker.swift in Sources */,
				969196FF2641C69000F19088 /* HomeRouter.swift in Sources */,
				969197472641E9DC00F19088 /* HomeContentView.swift in Sources */,
				96CE6AC32641A25800E73788 /* AppDelegate.swift in Sources */,
				969197072641D47B00F19088 /* LaunchViewController.swift in Sources */,
				9691971A2641D8DA00F19088 /* LaunchPresenter.swift in Sources */,
				9691985E2642B2CA00F19088 /* ProductEntity.swift in Sources */,
				969197CB2641FFFE00F19088 /* Array+Extension.swift in Sources */,
				969196A62641C05C00F19088 /* AppAssembly.swift in Sources */,
				969197C62641FDD600F19088 /* UIStackView+Extension.swift in Sources */,
				9691982C2642939400F19088 /* SearchTextField.swift in Sources */,
				9691981E2642900300F19088 /* UIImageView+Extension.swift in Sources */,
				969198672642B33D00F19088 /* ProductMapper.swift in Sources */,
				969197832641F2CB00F19088 /* UIView+Extension.swift in Sources */,
				969196B22641C0DF00F19088 /* AppCoordinatorFactory.swift in Sources */,
				9691973B2641DD4900F19088 /* CoordinatorAssembly.swift in Sources */,
				969196C72641C21300F19088 /* NavigationController.swift in Sources */,
				969197B32641F9EB00F19088 /* Cells+Generic.swift in Sources */,
				969197012641C69000F19088 /* HomeViewControllerFactory.swift in Sources */,
				969196A12641C01500F19088 /* ApplicationDependencies.swift in Sources */,
				969197222641D8F500F19088 /* LaunchInteractor.swift in Sources */,
				969196D12641C31C00F19088 /* HomeCoordinator.swift in Sources */,
				969197A82641F92D00F19088 /* ProductCollectionViewCell.swift in Sources */,
				969196FC2641C69000F19088 /* HomeInteractor.swift in Sources */,
			);
			runOnlyForDeploymentPostprocessing = 0;
		};
		96CE6AD12641A25A00E73788 /* Sources */ = {
			isa = PBXSourcesBuildPhase;
			buildActionMask = 2147483647;
			files = (
				96CE6ADA2641A25A00E73788 /* AdidasChallengeTests.swift in Sources */,
			);
			runOnlyForDeploymentPostprocessing = 0;
		};
		96CE6ADC2641A25A00E73788 /* Sources */ = {
			isa = PBXSourcesBuildPhase;
			buildActionMask = 2147483647;
			files = (
				96CE6AE52641A25A00E73788 /* AdidasChallengeUITests.swift in Sources */,
			);
			runOnlyForDeploymentPostprocessing = 0;
		};
/* End PBXSourcesBuildPhase section */

/* Begin PBXTargetDependency section */
		96CE6AD72641A25A00E73788 /* PBXTargetDependency */ = {
			isa = PBXTargetDependency;
			target = 96CE6ABE2641A25800E73788 /* AdidasChallenge */;
			targetProxy = 96CE6AD62641A25A00E73788 /* PBXContainerItemProxy */;
		};
		96CE6AE22641A25A00E73788 /* PBXTargetDependency */ = {
			isa = PBXTargetDependency;
			target = 96CE6ABE2641A25800E73788 /* AdidasChallenge */;
			targetProxy = 96CE6AE12641A25A00E73788 /* PBXContainerItemProxy */;
		};
/* End PBXTargetDependency section */

/* Begin PBXVariantGroup section */
		969197922641F43600F19088 /* Localizable.strings */ = {
			isa = PBXVariantGroup;
			children = (
				969197932641F43600F19088 /* en */,
			);
			name = Localizable.strings;
			sourceTree = "<group>";
		};
		969197952641F43600F19088 /* Localizable.strings */ = {
			isa = PBXVariantGroup;
			children = (
				969197962641F43600F19088 /* nl */,
			);
			name = Localizable.strings;
			sourceTree = "<group>";
		};
		96CE6ACD2641A25A00E73788 /* LaunchScreen.storyboard */ = {
			isa = PBXVariantGroup;
			children = (
				96CE6ACE2641A25A00E73788 /* Base */,
			);
			name = LaunchScreen.storyboard;
			sourceTree = "<group>";
		};
/* End PBXVariantGroup section */

/* Begin XCBuildConfiguration section */
		96CE6AE72641A25A00E73788 /* Debug */ = {
			isa = XCBuildConfiguration;
			buildSettings = {
				ALWAYS_SEARCH_USER_PATHS = NO;
				CLANG_ANALYZER_NONNULL = YES;
				CLANG_ANALYZER_NUMBER_OBJECT_CONVERSION = YES_AGGRESSIVE;
				CLANG_CXX_LANGUAGE_STANDARD = "gnu++14";
				CLANG_CXX_LIBRARY = "libc++";
				CLANG_ENABLE_MODULES = YES;
				CLANG_ENABLE_OBJC_ARC = YES;
				CLANG_ENABLE_OBJC_WEAK = YES;
				CLANG_WARN_BLOCK_CAPTURE_AUTORELEASING = YES;
				CLANG_WARN_BOOL_CONVERSION = YES;
				CLANG_WARN_COMMA = YES;
				CLANG_WARN_CONSTANT_CONVERSION = YES;
				CLANG_WARN_DEPRECATED_OBJC_IMPLEMENTATIONS = YES;
				CLANG_WARN_DIRECT_OBJC_ISA_USAGE = YES_ERROR;
				CLANG_WARN_DOCUMENTATION_COMMENTS = YES;
				CLANG_WARN_EMPTY_BODY = YES;
				CLANG_WARN_ENUM_CONVERSION = YES;
				CLANG_WARN_INFINITE_RECURSION = YES;
				CLANG_WARN_INT_CONVERSION = YES;
				CLANG_WARN_NON_LITERAL_NULL_CONVERSION = YES;
				CLANG_WARN_OBJC_IMPLICIT_RETAIN_SELF = YES;
				CLANG_WARN_OBJC_LITERAL_CONVERSION = YES;
				CLANG_WARN_OBJC_ROOT_CLASS = YES_ERROR;
				CLANG_WARN_QUOTED_INCLUDE_IN_FRAMEWORK_HEADER = YES;
				CLANG_WARN_RANGE_LOOP_ANALYSIS = YES;
				CLANG_WARN_STRICT_PROTOTYPES = YES;
				CLANG_WARN_SUSPICIOUS_MOVE = YES;
				CLANG_WARN_UNGUARDED_AVAILABILITY = YES_AGGRESSIVE;
				CLANG_WARN_UNREACHABLE_CODE = YES;
				CLANG_WARN__DUPLICATE_METHOD_MATCH = YES;
				COPY_PHASE_STRIP = NO;
				DEBUG_INFORMATION_FORMAT = dwarf;
				ENABLE_STRICT_OBJC_MSGSEND = YES;
				ENABLE_TESTABILITY = YES;
				GCC_C_LANGUAGE_STANDARD = gnu11;
				GCC_DYNAMIC_NO_PIC = NO;
				GCC_NO_COMMON_BLOCKS = YES;
				GCC_OPTIMIZATION_LEVEL = 0;
				GCC_PREPROCESSOR_DEFINITIONS = (
					"DEBUG=1",
					"$(inherited)",
				);
				GCC_WARN_64_TO_32_BIT_CONVERSION = YES;
				GCC_WARN_ABOUT_RETURN_TYPE = YES_ERROR;
				GCC_WARN_UNDECLARED_SELECTOR = YES;
				GCC_WARN_UNINITIALIZED_AUTOS = YES_AGGRESSIVE;
				GCC_WARN_UNUSED_FUNCTION = YES;
				GCC_WARN_UNUSED_VARIABLE = YES;
				IPHONEOS_DEPLOYMENT_TARGET = 14.4;
				MTL_ENABLE_DEBUG_INFO = INCLUDE_SOURCE;
				MTL_FAST_MATH = YES;
				ONLY_ACTIVE_ARCH = YES;
				SDKROOT = iphoneos;
				SWIFT_ACTIVE_COMPILATION_CONDITIONS = DEBUG;
				SWIFT_OPTIMIZATION_LEVEL = "-Onone";
			};
			name = Debug;
		};
		96CE6AE82641A25A00E73788 /* Release */ = {
			isa = XCBuildConfiguration;
			buildSettings = {
				ALWAYS_SEARCH_USER_PATHS = NO;
				CLANG_ANALYZER_NONNULL = YES;
				CLANG_ANALYZER_NUMBER_OBJECT_CONVERSION = YES_AGGRESSIVE;
				CLANG_CXX_LANGUAGE_STANDARD = "gnu++14";
				CLANG_CXX_LIBRARY = "libc++";
				CLANG_ENABLE_MODULES = YES;
				CLANG_ENABLE_OBJC_ARC = YES;
				CLANG_ENABLE_OBJC_WEAK = YES;
				CLANG_WARN_BLOCK_CAPTURE_AUTORELEASING = YES;
				CLANG_WARN_BOOL_CONVERSION = YES;
				CLANG_WARN_COMMA = YES;
				CLANG_WARN_CONSTANT_CONVERSION = YES;
				CLANG_WARN_DEPRECATED_OBJC_IMPLEMENTATIONS = YES;
				CLANG_WARN_DIRECT_OBJC_ISA_USAGE = YES_ERROR;
				CLANG_WARN_DOCUMENTATION_COMMENTS = YES;
				CLANG_WARN_EMPTY_BODY = YES;
				CLANG_WARN_ENUM_CONVERSION = YES;
				CLANG_WARN_INFINITE_RECURSION = YES;
				CLANG_WARN_INT_CONVERSION = YES;
				CLANG_WARN_NON_LITERAL_NULL_CONVERSION = YES;
				CLANG_WARN_OBJC_IMPLICIT_RETAIN_SELF = YES;
				CLANG_WARN_OBJC_LITERAL_CONVERSION = YES;
				CLANG_WARN_OBJC_ROOT_CLASS = YES_ERROR;
				CLANG_WARN_QUOTED_INCLUDE_IN_FRAMEWORK_HEADER = YES;
				CLANG_WARN_RANGE_LOOP_ANALYSIS = YES;
				CLANG_WARN_STRICT_PROTOTYPES = YES;
				CLANG_WARN_SUSPICIOUS_MOVE = YES;
				CLANG_WARN_UNGUARDED_AVAILABILITY = YES_AGGRESSIVE;
				CLANG_WARN_UNREACHABLE_CODE = YES;
				CLANG_WARN__DUPLICATE_METHOD_MATCH = YES;
				COPY_PHASE_STRIP = NO;
				DEBUG_INFORMATION_FORMAT = "dwarf-with-dsym";
				ENABLE_NS_ASSERTIONS = NO;
				ENABLE_STRICT_OBJC_MSGSEND = YES;
				GCC_C_LANGUAGE_STANDARD = gnu11;
				GCC_NO_COMMON_BLOCKS = YES;
				GCC_WARN_64_TO_32_BIT_CONVERSION = YES;
				GCC_WARN_ABOUT_RETURN_TYPE = YES_ERROR;
				GCC_WARN_UNDECLARED_SELECTOR = YES;
				GCC_WARN_UNINITIALIZED_AUTOS = YES_AGGRESSIVE;
				GCC_WARN_UNUSED_FUNCTION = YES;
				GCC_WARN_UNUSED_VARIABLE = YES;
				IPHONEOS_DEPLOYMENT_TARGET = 14.4;
				MTL_ENABLE_DEBUG_INFO = NO;
				MTL_FAST_MATH = YES;
				SDKROOT = iphoneos;
				SWIFT_COMPILATION_MODE = wholemodule;
				SWIFT_OPTIMIZATION_LEVEL = "-O";
				VALIDATE_PRODUCT = YES;
			};
			name = Release;
		};
		96CE6AEA2641A25A00E73788 /* Debug */ = {
			isa = XCBuildConfiguration;
			baseConfigurationReference = C3F685D19A2DA4E063451AC5 /* Pods-AdidasChallenge.debug.xcconfig */;
			buildSettings = {
				ASSETCATALOG_COMPILER_APPICON_NAME = AppIcon;
				ASSETCATALOG_COMPILER_GLOBAL_ACCENT_COLOR_NAME = AccentColor;
				CODE_SIGN_STYLE = Automatic;
				CURRENT_PROJECT_VERSION = 0;
				DEVELOPMENT_TEAM = PB6DBFS672;
				INFOPLIST_FILE = "AdidasChallenge/Supporting Files/Info.plist";
				LD_RUNPATH_SEARCH_PATHS = (
					"$(inherited)",
					"@executable_path/Frameworks",
				);
				MARKETING_VERSION = 1.0;
				PRODUCT_BUNDLE_IDENTIFIER = com.adidas.AdidasChallenge;
				PRODUCT_NAME = "$(TARGET_NAME)";
				SWIFT_VERSION = 5.0;
				TARGETED_DEVICE_FAMILY = "1,2";
			};
			name = Debug;
		};
		96CE6AEB2641A25A00E73788 /* Release */ = {
			isa = XCBuildConfiguration;
			baseConfigurationReference = 5A623A45B562B248306FC533 /* Pods-AdidasChallenge.release.xcconfig */;
			buildSettings = {
				ASSETCATALOG_COMPILER_APPICON_NAME = AppIcon;
				ASSETCATALOG_COMPILER_GLOBAL_ACCENT_COLOR_NAME = AccentColor;
				CODE_SIGN_STYLE = Automatic;
				CURRENT_PROJECT_VERSION = 0;
				DEVELOPMENT_TEAM = PB6DBFS672;
				INFOPLIST_FILE = "AdidasChallenge/Supporting Files/Info.plist";
				LD_RUNPATH_SEARCH_PATHS = (
					"$(inherited)",
					"@executable_path/Frameworks",
				);
				MARKETING_VERSION = 1.0;
				PRODUCT_BUNDLE_IDENTIFIER = com.adidas.AdidasChallenge;
				PRODUCT_NAME = "$(TARGET_NAME)";
				SWIFT_VERSION = 5.0;
				TARGETED_DEVICE_FAMILY = "1,2";
			};
			name = Release;
		};
		96CE6AED2641A25A00E73788 /* Debug */ = {
			isa = XCBuildConfiguration;
			baseConfigurationReference = 49A3AE0BB581AD77E5144383 /* Pods-AdidasChallengeTests.debug.xcconfig */;
			buildSettings = {
				ALWAYS_EMBED_SWIFT_STANDARD_LIBRARIES = YES;
				BUNDLE_LOADER = "$(TEST_HOST)";
				CODE_SIGN_STYLE = Automatic;
				DEVELOPMENT_TEAM = PB6DBFS672;
				INFOPLIST_FILE = AdidasChallengeTests/Info.plist;
				IPHONEOS_DEPLOYMENT_TARGET = 14.4;
				LD_RUNPATH_SEARCH_PATHS = (
					"$(inherited)",
					"@executable_path/Frameworks",
					"@loader_path/Frameworks",
				);
				PRODUCT_BUNDLE_IDENTIFIER = com.adidas.AdidasChallengeTests;
				PRODUCT_NAME = "$(TARGET_NAME)";
				SWIFT_VERSION = 5.0;
				TARGETED_DEVICE_FAMILY = "1,2";
				TEST_HOST = "$(BUILT_PRODUCTS_DIR)/AdidasChallenge.app/AdidasChallenge";
			};
			name = Debug;
		};
		96CE6AEE2641A25A00E73788 /* Release */ = {
			isa = XCBuildConfiguration;
			baseConfigurationReference = F844635469E6DD890E192CE6 /* Pods-AdidasChallengeTests.release.xcconfig */;
			buildSettings = {
				ALWAYS_EMBED_SWIFT_STANDARD_LIBRARIES = YES;
				BUNDLE_LOADER = "$(TEST_HOST)";
				CODE_SIGN_STYLE = Automatic;
				DEVELOPMENT_TEAM = PB6DBFS672;
				INFOPLIST_FILE = AdidasChallengeTests/Info.plist;
				IPHONEOS_DEPLOYMENT_TARGET = 14.4;
				LD_RUNPATH_SEARCH_PATHS = (
					"$(inherited)",
					"@executable_path/Frameworks",
					"@loader_path/Frameworks",
				);
				PRODUCT_BUNDLE_IDENTIFIER = com.adidas.AdidasChallengeTests;
				PRODUCT_NAME = "$(TARGET_NAME)";
				SWIFT_VERSION = 5.0;
				TARGETED_DEVICE_FAMILY = "1,2";
				TEST_HOST = "$(BUILT_PRODUCTS_DIR)/AdidasChallenge.app/AdidasChallenge";
			};
			name = Release;
		};
		96CE6AF02641A25A00E73788 /* Debug */ = {
			isa = XCBuildConfiguration;
			baseConfigurationReference = 06BBEDE701E825A8A0BB31C2 /* Pods-AdidasChallenge-AdidasChallengeUITests.debug.xcconfig */;
			buildSettings = {
				ALWAYS_EMBED_SWIFT_STANDARD_LIBRARIES = YES;
				CODE_SIGN_STYLE = Automatic;
				DEVELOPMENT_TEAM = PB6DBFS672;
				INFOPLIST_FILE = AdidasChallengeUITests/Info.plist;
				LD_RUNPATH_SEARCH_PATHS = (
					"$(inherited)",
					"@executable_path/Frameworks",
					"@loader_path/Frameworks",
				);
				PRODUCT_BUNDLE_IDENTIFIER = com.adidas.AdidasChallengeUITests;
				PRODUCT_NAME = "$(TARGET_NAME)";
				SWIFT_VERSION = 5.0;
				TARGETED_DEVICE_FAMILY = "1,2";
				TEST_TARGET_NAME = AdidasChallenge;
			};
			name = Debug;
		};
		96CE6AF12641A25A00E73788 /* Release */ = {
			isa = XCBuildConfiguration;
			baseConfigurationReference = C2588D8CAC8CB73BDB052D63 /* Pods-AdidasChallenge-AdidasChallengeUITests.release.xcconfig */;
			buildSettings = {
				ALWAYS_EMBED_SWIFT_STANDARD_LIBRARIES = YES;
				CODE_SIGN_STYLE = Automatic;
				DEVELOPMENT_TEAM = PB6DBFS672;
				INFOPLIST_FILE = AdidasChallengeUITests/Info.plist;
				LD_RUNPATH_SEARCH_PATHS = (
					"$(inherited)",
					"@executable_path/Frameworks",
					"@loader_path/Frameworks",
				);
				PRODUCT_BUNDLE_IDENTIFIER = com.adidas.AdidasChallengeUITests;
				PRODUCT_NAME = "$(TARGET_NAME)";
				SWIFT_VERSION = 5.0;
				TARGETED_DEVICE_FAMILY = "1,2";
				TEST_TARGET_NAME = AdidasChallenge;
			};
			name = Release;
		};
/* End XCBuildConfiguration section */

/* Begin XCConfigurationList section */
		96CE6ABA2641A25800E73788 /* Build configuration list for PBXProject "AdidasChallenge" */ = {
			isa = XCConfigurationList;
			buildConfigurations = (
				96CE6AE72641A25A00E73788 /* Debug */,
				96CE6AE82641A25A00E73788 /* Release */,
			);
			defaultConfigurationIsVisible = 0;
			defaultConfigurationName = Release;
		};
		96CE6AE92641A25A00E73788 /* Build configuration list for PBXNativeTarget "AdidasChallenge" */ = {
			isa = XCConfigurationList;
			buildConfigurations = (
				96CE6AEA2641A25A00E73788 /* Debug */,
				96CE6AEB2641A25A00E73788 /* Release */,
			);
			defaultConfigurationIsVisible = 0;
			defaultConfigurationName = Release;
		};
		96CE6AEC2641A25A00E73788 /* Build configuration list for PBXNativeTarget "AdidasChallengeTests" */ = {
			isa = XCConfigurationList;
			buildConfigurations = (
				96CE6AED2641A25A00E73788 /* Debug */,
				96CE6AEE2641A25A00E73788 /* Release */,
			);
			defaultConfigurationIsVisible = 0;
			defaultConfigurationName = Release;
		};
		96CE6AEF2641A25A00E73788 /* Build configuration list for PBXNativeTarget "AdidasChallengeUITests" */ = {
			isa = XCConfigurationList;
			buildConfigurations = (
				96CE6AF02641A25A00E73788 /* Debug */,
				96CE6AF12641A25A00E73788 /* Release */,
			);
			defaultConfigurationIsVisible = 0;
			defaultConfigurationName = Release;
		};
/* End XCConfigurationList section */
	};
	rootObject = 96CE6AB72641A25800E73788 /* Project object */;
}
